
Microsoft Visual Studio Solution File, Format Version 12.00
# Visual Studio 15
VisualStudioVersion = 15.0.27703.2026
MinimumVisualStudioVersion = 10.0.40219.1
Project("{9A19103F-16F7-4668-BE54-9A1E7A4F7556}") = "TechnoSale.Core", "TechnoSale.Core\TechnoSale.Core.csproj", "{65D20F77-6193-465B-8178-EB8AAF7B4CA8}"
EndProject
Project("{9A19103F-16F7-4668-BE54-9A1E7A4F7556}") = "TechnoSale.Entities", "TechnoSale.Entities\TechnoSale.Entities.csproj", "{50648B1B-D17C-45D0-A3EB-1964E145E12D}"
EndProject
Project("{9A19103F-16F7-4668-BE54-9A1E7A4F7556}") = "TechnoSale.DataAccess", "TechnoSale.DataAccess\TechnoSale.DataAccess.csproj", "{CE7F5504-63BE-4C5C-A676-A61120882454}"
EndProject
Project("{9A19103F-16F7-4668-BE54-9A1E7A4F7556}") = "TechnoSale.Business", "TechnoSale.Business\TechnoSale.Business.csproj", "{320891FF-60B3-4CF3-BCC1-1D93DCAAACAE}"
EndProject
Project("{9A19103F-16F7-4668-BE54-9A1E7A4F7556}") = "TechnoSale.MvcWebUI", "TechnoSale.MvcWebUI\TechnoSale.MvcWebUI.csproj", "{9E426973-8803-4E61-B4A7-325A36A4BAEA}"
EndProject
Global
	GlobalSection(SolutionConfigurationPlatforms) = preSolution
		Debug|Any CPU = Debug|Any CPU
		Release|Any CPU = Release|Any CPU
	EndGlobalSection
	GlobalSection(ProjectConfigurationPlatforms) = postSolution
		{65D20F77-6193-465B-8178-EB8AAF7B4CA8}.Debug|Any CPU.ActiveCfg = Debug|Any CPU
		{65D20F77-6193-465B-8178-EB8AAF7B4CA8}.Debug|Any CPU.Build.0 = Debug|Any CPU
		{65D20F77-6193-465B-8178-EB8AAF7B4CA8}.Release|Any CPU.ActiveCfg = Release|Any CPU
		{65D20F77-6193-465B-8178-EB8AAF7B4CA8}.Release|Any CPU.Build.0 = Release|Any CPU
		{50648B1B-D17C-45D0-A3EB-1964E145E12D}.Debug|Any CPU.ActiveCfg = Debug|Any CPU
		{50648B1B-D17C-45D0-A3EB-1964E145E12D}.Debug|Any CPU.Build.0 = Debug|Any CPU
		{50648B1B-D17C-45D0-A3EB-1964E145E12D}.Release|Any CPU.ActiveCfg = Release|Any CPU
		{50648B1B-D17C-45D0-A3EB-1964E145E12D}.Release|Any CPU.Build.0 = Release|Any CPU
		{CE7F5504-63BE-4C5C-A676-A61120882454}.Debug|Any CPU.ActiveCfg = Debug|Any CPU
		{CE7F5504-63BE-4C5C-A676-A61120882454}.Debug|Any CPU.Build.0 = Debug|Any CPU
		{CE7F5504-63BE-4C5C-A676-A61120882454}.Release|Any CPU.ActiveCfg = Release|Any CPU
		{CE7F5504-63BE-4C5C-A676-A61120882454}.Release|Any CPU.Build.0 = Release|Any CPU
		{320891FF-60B3-4CF3-BCC1-1D93DCAAACAE}.Debug|Any CPU.ActiveCfg = Debug|Any CPU
		{320891FF-60B3-4CF3-BCC1-1D93DCAAACAE}.Debug|Any CPU.Build.0 = Debug|Any CPU
		{320891FF-60B3-4CF3-BCC1-1D93DCAAACAE}.Release|Any CPU.ActiveCfg = Release|Any CPU
		{320891FF-60B3-4CF3-BCC1-1D93DCAAACAE}.Release|Any CPU.Build.0 = Release|Any CPU
		{9E426973-8803-4E61-B4A7-325A36A4BAEA}.Debug|Any CPU.ActiveCfg = Debug|Any CPU
		{9E426973-8803-4E61-B4A7-325A36A4BAEA}.Debug|Any CPU.Build.0 = Debug|Any CPU
		{9E426973-8803-4E61-B4A7-325A36A4BAEA}.Release|Any CPU.ActiveCfg = Release|Any CPU
		{9E426973-8803-4E61-B4A7-325A36A4BAEA}.Release|Any CPU.Build.0 = Release|Any CPU
	EndGlobalSection
	GlobalSection(SolutionProperties) = preSolution
		HideSolutionNode = FALSE
	EndGlobalSection
	GlobalSection(ExtensibilityGlobals) = postSolution
		SolutionGuid = {948C760C-CC5F-4373-8128-D59082EE0044}
	EndGlobalSection
EndGlobal
